
Microsoft Visual Studio Solution File, Format Version 12.00
# Visual Studio Version 16
VisualStudioVersion = 16.0.30907.101
MinimumVisualStudioVersion = 10.0.40219.1
Project("{FAE04EC0-301F-11D3-BF4B-00C04F79EFBC}") = "ShoppingListApp.Android", "ShoppingListApp\ShoppingListApp.Android\ShoppingListApp.Android.csproj", "{27014726-6794-44B9-9654-DEEC52CEB330}"
EndProject
Project("{FAE04EC0-301F-11D3-BF4B-00C04F79EFBC}") = "ShoppingListApp.iOS", "ShoppingListApp\ShoppingListApp.iOS\ShoppingListApp.iOS.csproj", "{187EC599-D825-4EDB-8AC0-692DB2BA3682}"
EndProject
Project("{9A19103F-16F7-4668-BE54-9A1E7A4F7556}") = "ShoppingListApp", "ShoppingListApp\ShoppingListApp\ShoppingListApp.csproj", "{5DEC086F-65D8-45B6-BA1B-4D318B84A379}"
EndProject
Global
	GlobalSection(SolutionConfigurationPlatforms) = preSolution
		Debug|Any CPU = Debug|Any CPU
		Debug|iPhone = Debug|iPhone
		Debug|iPhoneSimulator = Debug|iPhoneSimulator
		Release|Any CPU = Release|Any CPU
		Release|iPhone = Release|iPhone
		Release|iPhoneSimulator = Release|iPhoneSimulator
	EndGlobalSection
	GlobalSection(ProjectConfigurationPlatforms) = postSolution
		{27014726-6794-44B9-9654-DEEC52CEB330}.Debug|Any CPU.ActiveCfg = Debug|Any CPU
		{27014726-6794-44B9-9654-DEEC52CEB330}.Debug|Any CPU.Build.0 = Debug|Any CPU
		{27014726-6794-44B9-9654-DEEC52CEB330}.Debug|Any CPU.Deploy.0 = Debug|Any CPU
		{27014726-6794-44B9-9654-DEEC52CEB330}.Debug|iPhone.ActiveCfg = Debug|Any CPU
		{27014726-6794-44B9-9654-DEEC52CEB330}.Debug|iPhone.Build.0 = Debug|Any CPU
		{27014726-6794-44B9-9654-DEEC52CEB330}.Debug|iPhone.Deploy.0 = Debug|Any CPU
		{27014726-6794-44B9-9654-DEEC52CEB330}.Debug|iPhoneSimulator.ActiveCfg = Debug|Any CPU
		{27014726-6794-44B9-9654-DEEC52CEB330}.Debug|iPhoneSimulator.Build.0 = Debug|Any CPU
		{27014726-6794-44B9-9654-DEEC52CEB330}.Debug|iPhoneSimulator.Deploy.0 = Debug|Any CPU
		{27014726-6794-44B9-9654-DEEC52CEB330}.Release|Any CPU.ActiveCfg = Release|Any CPU
		{27014726-6794-44B9-9654-DEEC52CEB330}.Release|Any CPU.Build.0 = Release|Any CPU
		{27014726-6794-44B9-9654-DEEC52CEB330}.Release|Any CPU.Deploy.0 = Release|Any CPU
		{27014726-6794-44B9-9654-DEEC52CEB330}.Release|iPhone.ActiveCfg = Release|Any CPU
		{27014726-6794-44B9-9654-DEEC52CEB330}.Release|iPhone.Build.0 = Release|Any CPU
		{27014726-6794-44B9-9654-DEEC52CEB330}.Release|iPhone.Deploy.0 = Release|Any CPU
		{27014726-6794-44B9-9654-DEEC52CEB330}.Release|iPhoneSimulator.ActiveCfg = Release|Any CPU
		{27014726-6794-44B9-9654-DEEC52CEB330}.Release|iPhoneSimulator.Build.0 = Release|Any CPU
		{27014726-6794-44B9-9654-DEEC52CEB330}.Release|iPhoneSimulator.Deploy.0 = Release|Any CPU
		{187EC599-D825-4EDB-8AC0-692DB2BA3682}.Debug|Any CPU.ActiveCfg = Debug|iPhoneSimulator
		{187EC599-D825-4EDB-8AC0-692DB2BA3682}.Debug|Any CPU.Deploy.0 = Debug|iPhoneSimulator
		{187EC599-D825-4EDB-8AC0-692DB2BA3682}.Debug|iPhone.ActiveCfg = Debug|iPhone
		{187EC599-D825-4EDB-8AC0-692DB2BA3682}.Debug|iPhone.Build.0 = Debug|iPhone
		{187EC599-D825-4EDB-8AC0-692DB2BA3682}.Debug|iPhone.Deploy.0 = Debug|iPhone
		{187EC599-D825-4EDB-8AC0-692DB2BA3682}.Debug|iPhoneSimulator.ActiveCfg = Debug|iPhoneSimulator
		{187EC599-D825-4EDB-8AC0-692DB2BA3682}.Debug|iPhoneSimulator.Build.0 = Debug|iPhoneSimulator
		{187EC599-D825-4EDB-8AC0-692DB2BA3682}.Debug|iPhoneSimulator.Deploy.0 = Debug|iPhoneSimulator
		{187EC599-D825-4EDB-8AC0-692DB2BA3682}.Release|Any CPU.ActiveCfg = Release|iPhoneSimulator
		{187EC599-D825-4EDB-8AC0-692DB2BA3682}.Release|Any CPU.Deploy.0 = Release|iPhoneSimulator
		{187EC599-D825-4EDB-8AC0-692DB2BA3682}.Release|iPhone.ActiveCfg = Release|iPhone
		{187EC599-D825-4EDB-8AC0-692DB2BA3682}.Release|iPhone.Build.0 = Release|iPhone
		{187EC599-D825-4EDB-8AC0-692DB2BA3682}.Release|iPhone.Deploy.0 = Release|iPhone
		{187EC599-D825-4EDB-8AC0-692DB2BA3682}.Release|iPhoneSimulator.ActiveCfg = Release|iPhoneSimulator
		{187EC599-D825-4EDB-8AC0-692DB2BA3682}.Release|iPhoneSimulator.Build.0 = Release|iPhoneSimulator
		{187EC599-D825-4EDB-8AC0-692DB2BA3682}.Release|iPhoneSimulator.Deploy.0 = Release|iPhoneSimulator
		{5DEC086F-65D8-45B6-BA1B-4D318B84A379}.Debug|Any CPU.ActiveCfg = Debug|Any CPU
		{5DEC086F-65D8-45B6-BA1B-4D318B84A379}.Debug|Any CPU.Build.0 = Debug|Any CPU
		{5DEC086F-65D8-45B6-BA1B-4D318B84A379}.Debug|Any CPU.Deploy.0 = Debug|Any CPU
		{5DEC086F-65D8-45B6-BA1B-4D318B84A379}.Debug|iPhone.ActiveCfg = Debug|Any CPU
		{5DEC086F-65D8-45B6-BA1B-4D318B84A379}.Debug|iPhone.Build.0 = Debug|Any CPU
		{5DEC086F-65D8-45B6-BA1B-4D318B84A379}.Debug|iPhone.Deploy.0 = Debug|Any CPU
		{5DEC086F-65D8-45B6-BA1B-4D318B84A379}.Debug|iPhoneSimulator.ActiveCfg = Debug|Any CPU
		{5DEC086F-65D8-45B6-BA1B-4D318B84A379}.Debug|iPhoneSimulator.Build.0 = Debug|Any CPU
		{5DEC086F-65D8-45B6-BA1B-4D318B84A379}.Debug|iPhoneSimulator.Deploy.0 = Debug|Any CPU
		{5DEC086F-65D8-45B6-BA1B-4D318B84A379}.Release|Any CPU.ActiveCfg = Release|Any CPU
		{5DEC086F-65D8-45B6-BA1B-4D318B84A379}.Release|Any CPU.Build.0 = Release|Any CPU
		{5DEC086F-65D8-45B6-BA1B-4D318B84A379}.Release|Any CPU.Deploy.0 = Release|Any CPU
		{5DEC086F-65D8-45B6-BA1B-4D318B84A379}.Release|iPhone.ActiveCfg = Release|Any CPU
		{5DEC086F-65D8-45B6-BA1B-4D318B84A379}.Release|iPhone.Build.0 = Release|Any CPU
		{5DEC086F-65D8-45B6-BA1B-4D318B84A379}.Release|iPhone.Deploy.0 = Release|Any CPU
		{5DEC086F-65D8-45B6-BA1B-4D318B84A379}.Release|iPhoneSimulator.ActiveCfg = Release|Any CPU
		{5DEC086F-65D8-45B6-BA1B-4D318B84A379}.Release|iPhoneSimulator.Build.0 = Release|Any CPU
		{5DEC086F-65D8-45B6-BA1B-4D318B84A379}.Release|iPhoneSimulator.Deploy.0 = Release|Any CPU
	EndGlobalSection
	GlobalSection(SolutionProperties) = preSolution
		HideSolutionNode = FALSE
	EndGlobalSection
	GlobalSection(ExtensibilityGlobals) = postSolution
		SolutionGuid = {F58AFE06-F294-4D8E-ABB3-6E64983FEEB3}
	EndGlobalSection
EndGlobal
